// !$*UTF8*$!
{
	archiveVersion = 1;
	classes = {
	};
	objectVersion = 51;
	objects = {

/* Begin PBXBuildFile section */
		7E1D6E552D78C1873643E2A2 /* Pods_TumblrLab.framework in Frameworks */ = {isa = PBXBuildFile; fileRef = DF8CC31F85A849A67E21ED49 /* Pods_TumblrLab.framework */; };
		9118B42C5FE34C189908B279 /* Pods_TumblrLabTests.framework in Frameworks */ = {isa = PBXBuildFile; fileRef = 9B81EC308A9080C973941C26 /* Pods_TumblrLabTests.framework */; };
		CA8F703024A505B600506956 /* PostCell.m in Sources */ = {isa = PBXBuildFile; fileRef = CA8F702F24A505B600506956 /* PostCell.m */; };
		CAD5097424A4F66100895E59 /* AppDelegate.m in Sources */ = {isa = PBXBuildFile; fileRef = CAD5097324A4F66100895E59 /* AppDelegate.m */; };
		CAD5097724A4F66100895E59 /* SceneDelegate.m in Sources */ = {isa = PBXBuildFile; fileRef = CAD5097624A4F66100895E59 /* SceneDelegate.m */; };
		CAD5097D24A4F66100895E59 /* Main.storyboard in Resources */ = {isa = PBXBuildFile; fileRef = CAD5097B24A4F66100895E59 /* Main.storyboard */; };
		CAD5097F24A4F66200895E59 /* Assets.xcassets in Resources */ = {isa = PBXBuildFile; fileRef = CAD5097E24A4F66200895E59 /* Assets.xcassets */; };
		CAD5098224A4F66200895E59 /* LaunchScreen.storyboard in Resources */ = {isa = PBXBuildFile; fileRef = CAD5098024A4F66200895E59 /* LaunchScreen.storyboard */; };
		CAD5098524A4F66200895E59 /* main.m in Sources */ = {isa = PBXBuildFile; fileRef = CAD5098424A4F66200895E59 /* main.m */; };
		CAD5098F24A4F66200895E59 /* TumblrLabTests.m in Sources */ = {isa = PBXBuildFile; fileRef = CAD5098E24A4F66200895E59 /* TumblrLabTests.m */; };
		CAD5099A24A4F66200895E59 /* TumblrLabUITests.m in Sources */ = {isa = PBXBuildFile; fileRef = CAD5099924A4F66200895E59 /* TumblrLabUITests.m */; };
		CAD509A924A4FB0800895E59 /* PhotosViewController.m in Sources */ = {isa = PBXBuildFile; fileRef = CAD509A824A4FB0800895E59 /* PhotosViewController.m */; };
		E467B0C444F4171BEDE06B1B /* Pods_TumblrLab_TumblrLabUITests.framework in Frameworks */ = {isa = PBXBuildFile; fileRef = 9A0B885B75232694A4721D6C /* Pods_TumblrLab_TumblrLabUITests.framework */; };
/* End PBXBuildFile section */

/* Begin PBXContainerItemProxy section */
		CAD5098B24A4F66200895E59 /* PBXContainerItemProxy */ = {
			isa = PBXContainerItemProxy;
			containerPortal = CAD5096724A4F66100895E59 /* Project object */;
			proxyType = 1;
			remoteGlobalIDString = CAD5096E24A4F66100895E59;
			remoteInfo = TumblrLab;
		};
		CAD5099624A4F66200895E59 /* PBXContainerItemProxy */ = {
			isa = PBXContainerItemProxy;
			containerPortal = CAD5096724A4F66100895E59 /* Project object */;
			proxyType = 1;
			remoteGlobalIDString = CAD5096E24A4F66100895E59;
			remoteInfo = TumblrLab;
		};
/* End PBXContainerItemProxy section */

/* Begin PBXFileReference section */
		05E885C8D966B447EBF1AC09 /* Pods-TumblrLab.debug.xcconfig */ = {isa = PBXFileReference; includeInIndex = 1; lastKnownFileType = text.xcconfig; name = "Pods-TumblrLab.debug.xcconfig"; path = "Target Support Files/Pods-TumblrLab/Pods-TumblrLab.debug.xcconfig"; sourceTree = "<group>"; };
		2C4038A283E2BA1D9D963BF0 /* Pods-TumblrLab-TumblrLabUITests.debug.xcconfig */ = {isa = PBXFileReference; includeInIndex = 1; lastKnownFileType = text.xcconfig; name = "Pods-TumblrLab-TumblrLabUITests.debug.xcconfig"; path = "Target Support Files/Pods-TumblrLab-TumblrLabUITests/Pods-TumblrLab-TumblrLabUITests.debug.xcconfig"; sourceTree = "<group>"; };
		36D9B9E9DB291CCBCC439F6E /* Pods-TumblrLab-TumblrLabUITests.release.xcconfig */ = {isa = PBXFileReference; includeInIndex = 1; lastKnownFileType = text.xcconfig; name = "Pods-TumblrLab-TumblrLabUITests.release.xcconfig"; path = "Target Support Files/Pods-TumblrLab-TumblrLabUITests/Pods-TumblrLab-TumblrLabUITests.release.xcconfig"; sourceTree = "<group>"; };
		4AB9C5EC28B852B18C764787 /* Pods-TumblrLabTests.debug.xcconfig */ = {isa = PBXFileReference; includeInIndex = 1; lastKnownFileType = text.xcconfig; name = "Pods-TumblrLabTests.debug.xcconfig"; path = "Target Support Files/Pods-TumblrLabTests/Pods-TumblrLabTests.debug.xcconfig"; sourceTree = "<group>"; };
		64A0E87E508720F1707C6D25 /* Pods-TumblrLab.release.xcconfig */ = {isa = PBXFileReference; includeInIndex = 1; lastKnownFileType = text.xcconfig; name = "Pods-TumblrLab.release.xcconfig"; path = "Target Support Files/Pods-TumblrLab/Pods-TumblrLab.release.xcconfig"; sourceTree = "<group>"; };
		855E3D55C8F7086599AE0FC9 /* Pods-TumblrLabTests.release.xcconfig */ = {isa = PBXFileReference; includeInIndex = 1; lastKnownFileType = text.xcconfig; name = "Pods-TumblrLabTests.release.xcconfig"; path = "Target Support Files/Pods-TumblrLabTests/Pods-TumblrLabTests.release.xcconfig"; sourceTree = "<group>"; };
		9A0B885B75232694A4721D6C /* Pods_TumblrLab_TumblrLabUITests.framework */ = {isa = PBXFileReference; explicitFileType = wrapper.framework; includeInIndex = 0; path = Pods_TumblrLab_TumblrLabUITests.framework; sourceTree = BUILT_PRODUCTS_DIR; };
		9B81EC308A9080C973941C26 /* Pods_TumblrLabTests.framework */ = {isa = PBXFileReference; explicitFileType = wrapper.framework; includeInIndex = 0; path = Pods_TumblrLabTests.framework; sourceTree = BUILT_PRODUCTS_DIR; };
		CA8F702E24A505B600506956 /* PostCell.h */ = {isa = PBXFileReference; lastKnownFileType = sourcecode.c.h; path = PostCell.h; sourceTree = "<group>"; };
		CA8F702F24A505B600506956 /* PostCell.m */ = {isa = PBXFileReference; lastKnownFileType = sourcecode.c.objc; path = PostCell.m; sourceTree = "<group>"; };
		CAD5096F24A4F66100895E59 /* TumblrLab.app */ = {isa = PBXFileReference; explicitFileType = wrapper.application; includeInIndex = 0; path = TumblrLab.app; sourceTree = BUILT_PRODUCTS_DIR; };
		CAD5097224A4F66100895E59 /* AppDelegate.h */ = {isa = PBXFileReference; lastKnownFileType = sourcecode.c.h; path = AppDelegate.h; sourceTree = "<group>"; };
		CAD5097324A4F66100895E59 /* AppDelegate.m */ = {isa = PBXFileReference; lastKnownFileType = sourcecode.c.objc; path = AppDelegate.m; sourceTree = "<group>"; };
		CAD5097524A4F66100895E59 /* SceneDelegate.h */ = {isa = PBXFileReference; lastKnownFileType = sourcecode.c.h; path = SceneDelegate.h; sourceTree = "<group>"; };
		CAD5097624A4F66100895E59 /* SceneDelegate.m */ = {isa = PBXFileReference; lastKnownFileType = sourcecode.c.objc; path = SceneDelegate.m; sourceTree = "<group>"; };
		CAD5097C24A4F66100895E59 /* Base */ = {isa = PBXFileReference; lastKnownFileType = file.storyboard; name = Base; path = Base.lproj/Main.storyboard; sourceTree = "<group>"; };
		CAD5097E24A4F66200895E59 /* Assets.xcassets */ = {isa = PBXFileReference; lastKnownFileType = folder.assetcatalog; path = Assets.xcassets; sourceTree = "<group>"; };
		CAD5098124A4F66200895E59 /* Base */ = {isa = PBXFileReference; lastKnownFileType = file.storyboard; name = Base; path = Base.lproj/LaunchScreen.storyboard; sourceTree = "<group>"; };
		CAD5098324A4F66200895E59 /* Info.plist */ = {isa = PBXFileReference; lastKnownFileType = text.plist.xml; path = Info.plist; sourceTree = "<group>"; };
		CAD5098424A4F66200895E59 /* main.m */ = {isa = PBXFileReference; lastKnownFileType = sourcecode.c.objc; path = main.m; sourceTree = "<group>"; };
		CAD5098A24A4F66200895E59 /* TumblrLabTests.xctest */ = {isa = PBXFileReference; explicitFileType = wrapper.cfbundle; includeInIndex = 0; path = TumblrLabTests.xctest; sourceTree = BUILT_PRODUCTS_DIR; };
		CAD5098E24A4F66200895E59 /* TumblrLabTests.m */ = {isa = PBXFileReference; lastKnownFileType = sourcecode.c.objc; path = TumblrLabTests.m; sourceTree = "<group>"; };
		CAD5099024A4F66200895E59 /* Info.plist */ = {isa = PBXFileReference; lastKnownFileType = text.plist.xml; path = Info.plist; sourceTree = "<group>"; };
		CAD5099524A4F66200895E59 /* TumblrLabUITests.xctest */ = {isa = PBXFileReference; explicitFileType = wrapper.cfbundle; includeInIndex = 0; path = TumblrLabUITests.xctest; sourceTree = BUILT_PRODUCTS_DIR; };
		CAD5099924A4F66200895E59 /* TumblrLabUITests.m */ = {isa = PBXFileReference; lastKnownFileType = sourcecode.c.objc; path = TumblrLabUITests.m; sourceTree = "<group>"; };
		CAD5099B24A4F66200895E59 /* Info.plist */ = {isa = PBXFileReference; lastKnownFileType = text.plist.xml; path = Info.plist; sourceTree = "<group>"; };
		CAD509A724A4FB0800895E59 /* PhotosViewController.h */ = {isa = PBXFileReference; lastKnownFileType = sourcecode.c.h; path = PhotosViewController.h; sourceTree = "<group>"; };
		CAD509A824A4FB0800895E59 /* PhotosViewController.m */ = {isa = PBXFileReference; lastKnownFileType = sourcecode.c.objc; path = PhotosViewController.m; sourceTree = "<group>"; };
		DF8CC31F85A849A67E21ED49 /* Pods_TumblrLab.framework */ = {isa = PBXFileReference; explicitFileType = wrapper.framework; includeInIndex = 0; path = Pods_TumblrLab.framework; sourceTree = BUILT_PRODUCTS_DIR; };
/* End PBXFileReference section */

/* Begin PBXFrameworksBuildPhase section */
		CAD5096C24A4F66100895E59 /* Frameworks */ = {
			isa = PBXFrameworksBuildPhase;
			buildActionMask = 2147483647;
			files = (
				7E1D6E552D78C1873643E2A2 /* Pods_TumblrLab.framework in Frameworks */,
			);
			runOnlyForDeploymentPostprocessing = 0;
		};
		CAD5098724A4F66200895E59 /* Frameworks */ = {
			isa = PBXFrameworksBuildPhase;
			buildActionMask = 2147483647;
			files = (
				9118B42C5FE34C189908B279 /* Pods_TumblrLabTests.framework in Frameworks */,
			);
			runOnlyForDeploymentPostprocessing = 0;
		};
		CAD5099224A4F66200895E59 /* Frameworks */ = {
			isa = PBXFrameworksBuildPhase;
			buildActionMask = 2147483647;
			files = (
				E467B0C444F4171BEDE06B1B /* Pods_TumblrLab_TumblrLabUITests.framework in Frameworks */,
			);
			runOnlyForDeploymentPostprocessing = 0;
		};
/* End PBXFrameworksBuildPhase section */

/* Begin PBXGroup section */
		6775037E62BA062CA432055D /* Frameworks */ = {
			isa = PBXGroup;
			children = (
				DF8CC31F85A849A67E21ED49 /* Pods_TumblrLab.framework */,
				9A0B885B75232694A4721D6C /* Pods_TumblrLab_TumblrLabUITests.framework */,
				9B81EC308A9080C973941C26 /* Pods_TumblrLabTests.framework */,
			);
			name = Frameworks;
			sourceTree = "<group>";
		};
		9A124080FC687BB89DFB6C4C /* Pods */ = {
			isa = PBXGroup;
			children = (
				05E885C8D966B447EBF1AC09 /* Pods-TumblrLab.debug.xcconfig */,
				64A0E87E508720F1707C6D25 /* Pods-TumblrLab.release.xcconfig */,
				2C4038A283E2BA1D9D963BF0 /* Pods-TumblrLab-TumblrLabUITests.debug.xcconfig */,
				36D9B9E9DB291CCBCC439F6E /* Pods-TumblrLab-TumblrLabUITests.release.xcconfig */,
				4AB9C5EC28B852B18C764787 /* Pods-TumblrLabTests.debug.xcconfig */,
				855E3D55C8F7086599AE0FC9 /* Pods-TumblrLabTests.release.xcconfig */,
			);
			path = Pods;
			sourceTree = "<group>";
		};
		CAD5096624A4F66100895E59 = {
			isa = PBXGroup;
			children = (
				CAD5097124A4F66100895E59 /* TumblrLab */,
				CAD5098D24A4F66200895E59 /* TumblrLabTests */,
				CAD5099824A4F66200895E59 /* TumblrLabUITests */,
				CAD5097024A4F66100895E59 /* Products */,
				9A124080FC687BB89DFB6C4C /* Pods */,
				6775037E62BA062CA432055D /* Frameworks */,
			);
			sourceTree = "<group>";
		};
		CAD5097024A4F66100895E59 /* Products */ = {
			isa = PBXGroup;
			children = (
				CAD5096F24A4F66100895E59 /* TumblrLab.app */,
				CAD5098A24A4F66200895E59 /* TumblrLabTests.xctest */,
				CAD5099524A4F66200895E59 /* TumblrLabUITests.xctest */,
			);
			name = Products;
			sourceTree = "<group>";
		};
		CAD5097124A4F66100895E59 /* TumblrLab */ = {
			isa = PBXGroup;
			children = (
				CAD5097224A4F66100895E59 /* AppDelegate.h */,
				CAD5097324A4F66100895E59 /* AppDelegate.m */,
				CAD5097524A4F66100895E59 /* SceneDelegate.h */,
				CAD5097624A4F66100895E59 /* SceneDelegate.m */,
				CAD5097B24A4F66100895E59 /* Main.storyboard */,
				CAD5097E24A4F66200895E59 /* Assets.xcassets */,
				CAD5098024A4F66200895E59 /* LaunchScreen.storyboard */,
				CAD5098324A4F66200895E59 /* Info.plist */,
				CAD5098424A4F66200895E59 /* main.m */,
				CAD509A724A4FB0800895E59 /* PhotosViewController.h */,
				CAD509A824A4FB0800895E59 /* PhotosViewController.m */,
				CA8F702E24A505B600506956 /* PostCell.h */,
				CA8F702F24A505B600506956 /* PostCell.m */,
			);
			path = TumblrLab;
			sourceTree = "<group>";
		};
		CAD5098D24A4F66200895E59 /* TumblrLabTests */ = {
			isa = PBXGroup;
			children = (
				CAD5098E24A4F66200895E59 /* TumblrLabTests.m */,
				CAD5099024A4F66200895E59 /* Info.plist */,
			);
			path = TumblrLabTests;
			sourceTree = "<group>";
		};
		CAD5099824A4F66200895E59 /* TumblrLabUITests */ = {
			isa = PBXGroup;
			children = (
				CAD5099924A4F66200895E59 /* TumblrLabUITests.m */,
				CAD5099B24A4F66200895E59 /* Info.plist */,
			);
			path = TumblrLabUITests;
			sourceTree = "<group>";
		};
/* End PBXGroup section */

/* Begin PBXNativeTarget section */
		CAD5096E24A4F66100895E59 /* TumblrLab */ = {
			isa = PBXNativeTarget;
			buildConfigurationList = CAD5099E24A4F66200895E59 /* Build configuration list for PBXNativeTarget "TumblrLab" */;
			buildPhases = (
				7DED0EC114C84DA1C3E0F5F4 /* [CP] Check Pods Manifest.lock */,
				CAD5096B24A4F66100895E59 /* Sources */,
				CAD5096C24A4F66100895E59 /* Frameworks */,
				CAD5096D24A4F66100895E59 /* Resources */,
				67F4F4C080A069376FF64AC8 /* [CP] Embed Pods Frameworks */,
			);
			buildRules = (
			);
			dependencies = (
			);
			name = TumblrLab;
			productName = TumblrLab;
			productReference = CAD5096F24A4F66100895E59 /* TumblrLab.app */;
			productType = "com.apple.product-type.application";
		};
		CAD5098924A4F66200895E59 /* TumblrLabTests */ = {
			isa = PBXNativeTarget;
			buildConfigurationList = CAD509A124A4F66200895E59 /* Build configuration list for PBXNativeTarget "TumblrLabTests" */;
			buildPhases = (
				849D848722E510EF3AC38BC9 /* [CP] Check Pods Manifest.lock */,
				CAD5098624A4F66200895E59 /* Sources */,
				CAD5098724A4F66200895E59 /* Frameworks */,
				CAD5098824A4F66200895E59 /* Resources */,
			);
			buildRules = (
			);
			dependencies = (
				CAD5098C24A4F66200895E59 /* PBXTargetDependency */,
			);
			name = TumblrLabTests;
			productName = TumblrLabTests;
			productReference = CAD5098A24A4F66200895E59 /* TumblrLabTests.xctest */;
			productType = "com.apple.product-type.bundle.unit-test";
		};
		CAD5099424A4F66200895E59 /* TumblrLabUITests */ = {
			isa = PBXNativeTarget;
			buildConfigurationList = CAD509A424A4F66200895E59 /* Build configuration list for PBXNativeTarget "TumblrLabUITests" */;
			buildPhases = (
				0BE6FA43AE7F9F7F83F788D4 /* [CP] Check Pods Manifest.lock */,
				CAD5099124A4F66200895E59 /* Sources */,
				CAD5099224A4F66200895E59 /* Frameworks */,
				CAD5099324A4F66200895E59 /* Resources */,
				91731519011C4D5D4669E5C9 /* [CP] Embed Pods Frameworks */,
			);
			buildRules = (
			);
			dependencies = (
				CAD5099724A4F66200895E59 /* PBXTargetDependency */,
			);
			name = TumblrLabUITests;
			productName = TumblrLabUITests;
			productReference = CAD5099524A4F66200895E59 /* TumblrLabUITests.xctest */;
			productType = "com.apple.product-type.bundle.ui-testing";
		};
/* End PBXNativeTarget section */

/* Begin PBXProject section */
		CAD5096724A4F66100895E59 /* Project object */ = {
			isa = PBXProject;
			attributes = {
				LastUpgradeCheck = 1150;
				ORGANIZATIONNAME = "Githel Lynn Suico";
				TargetAttributes = {
					CAD5096E24A4F66100895E59 = {
						CreatedOnToolsVersion = 11.5;
					};
					CAD5098924A4F66200895E59 = {
						CreatedOnToolsVersion = 11.5;
						TestTargetID = CAD5096E24A4F66100895E59;
					};
					CAD5099424A4F66200895E59 = {
						CreatedOnToolsVersion = 11.5;
						TestTargetID = CAD5096E24A4F66100895E59;
					};
				};
			};
			buildConfigurationList = CAD5096A24A4F66100895E59 /* Build configuration list for PBXProject "TumblrLab" */;
			compatibilityVersion = "Xcode 9.3";
			developmentRegion = en;
			hasScannedForEncodings = 0;
			knownRegions = (
				en,
				Base,
			);
			mainGroup = CAD5096624A4F66100895E59;
			productRefGroup = CAD5097024A4F66100895E59 /* Products */;
			projectDirPath = "";
			projectRoot = "";
			targets = (
				CAD5096E24A4F66100895E59 /* TumblrLab */,
				CAD5098924A4F66200895E59 /* TumblrLabTests */,
				CAD5099424A4F66200895E59 /* TumblrLabUITests */,
			);
		};
/* End PBXProject section */

/* Begin PBXResourcesBuildPhase section */
		CAD5096D24A4F66100895E59 /* Resources */ = {
			isa = PBXResourcesBuildPhase;
			buildActionMask = 2147483647;
			files = (
				CAD5098224A4F66200895E59 /* LaunchScreen.storyboard in Resources */,
				CAD5097F24A4F66200895E59 /* Assets.xcassets in Resources */,
				CAD5097D24A4F66100895E59 /* Main.storyboard in Resources */,
			);
			runOnlyForDeploymentPostprocessing = 0;
		};
		CAD5098824A4F66200895E59 /* Resources */ = {
			isa = PBXResourcesBuildPhase;
			buildActionMask = 2147483647;
			files = (
			);
			runOnlyForDeploymentPostprocessing = 0;
		};
		CAD5099324A4F66200895E59 /* Resources */ = {
			isa = PBXResourcesBuildPhase;
			buildActionMask = 2147483647;
			files = (
			);
			runOnlyForDeploymentPostprocessing = 0;
		};
/* End PBXResourcesBuildPhase section */

/* Begin PBXShellScriptBuildPhase section */
		0BE6FA43AE7F9F7F83F788D4 /* [CP] Check Pods Manifest.lock */ = {
			isa = PBXShellScriptBuildPhase;
			buildActionMask = 2147483647;
			files = (
			);
			inputFileListPaths = (
			);
			inputPaths = (
				"${PODS_PODFILE_DIR_PATH}/Podfile.lock",
				"${PODS_ROOT}/Manifest.lock",
			);
			name = "[CP] Check Pods Manifest.lock";
			outputFileListPaths = (
			);
			outputPaths = (
				"$(DERIVED_FILE_DIR)/Pods-TumblrLab-TumblrLabUITests-checkManifestLockResult.txt",
			);
			runOnlyForDeploymentPostprocessing = 0;
			shellPath = /bin/sh;
			shellScript = "diff \"${PODS_PODFILE_DIR_PATH}/Podfile.lock\" \"${PODS_ROOT}/Manifest.lock\" > /dev/null\nif [ $? != 0 ] ; then\n    # print error to STDERR\n    echo \"error: The sandbox is not in sync with the Podfile.lock. Run 'pod install' or update your CocoaPods installation.\" >&2\n    exit 1\nfi\n# This output is used by Xcode 'outputs' to avoid re-running this script phase.\necho \"SUCCESS\" > \"${SCRIPT_OUTPUT_FILE_0}\"\n";
			showEnvVarsInLog = 0;
		};
		67F4F4C080A069376FF64AC8 /* [CP] Embed Pods Frameworks */ = {
			isa = PBXShellScriptBuildPhase;
			buildActionMask = 2147483647;
			files = (
			);
			inputFileListPaths = (
				"${PODS_ROOT}/Target Support Files/Pods-TumblrLab/Pods-TumblrLab-frameworks-${CONFIGURATION}-input-files.xcfilelist",
			);
			name = "[CP] Embed Pods Frameworks";
			outputFileListPaths = (
				"${PODS_ROOT}/Target Support Files/Pods-TumblrLab/Pods-TumblrLab-frameworks-${CONFIGURATION}-output-files.xcfilelist",
			);
			runOnlyForDeploymentPostprocessing = 0;
			shellPath = /bin/sh;
			shellScript = "\"${PODS_ROOT}/Target Support Files/Pods-TumblrLab/Pods-TumblrLab-frameworks.sh\"\n";
			showEnvVarsInLog = 0;
		};
		7DED0EC114C84DA1C3E0F5F4 /* [CP] Check Pods Manifest.lock */ = {
			isa = PBXShellScriptBuildPhase;
			buildActionMask = 2147483647;
			files = (
			);
			inputFileListPaths = (
			);
			inputPaths = (
				"${PODS_PODFILE_DIR_PATH}/Podfile.lock",
				"${PODS_ROOT}/Manifest.lock",
			);
			name = "[CP] Check Pods Manifest.lock";
			outputFileListPaths = (
			);
			outputPaths = (
				"$(DERIVED_FILE_DIR)/Pods-TumblrLab-checkManifestLockResult.txt",
			);
			runOnlyForDeploymentPostprocessing = 0;
			shellPath = /bin/sh;
			shellScript = "diff \"${PODS_PODFILE_DIR_PATH}/Podfile.lock\" \"${PODS_ROOT}/Manifest.lock\" > /dev/null\nif [ $? != 0 ] ; then\n    # print error to STDERR\n    echo \"error: The sandbox is not in sync with the Podfile.lock. Run 'pod install' or update your CocoaPods installation.\" >&2\n    exit 1\nfi\n# This output is used by Xcode 'outputs' to avoid re-running this script phase.\necho \"SUCCESS\" > \"${SCRIPT_OUTPUT_FILE_0}\"\n";
			showEnvVarsInLog = 0;
		};
		849D848722E510EF3AC38BC9 /* [CP] Check Pods Manifest.lock */ = {
			isa = PBXShellScriptBuildPhase;
			buildActionMask = 2147483647;
			files = (
			);
			inputFileListPaths = (
			);
			inputPaths = (
				"${PODS_PODFILE_DIR_PATH}/Podfile.lock",
				"${PODS_ROOT}/Manifest.lock",
			);
			name = "[CP] Check Pods Manifest.lock";
			outputFileListPaths = (
			);
			outputPaths = (
				"$(DERIVED_FILE_DIR)/Pods-TumblrLabTests-checkManifestLockResult.txt",
			);
			runOnlyForDeploymentPostprocessing = 0;
			shellPath = /bin/sh;
			shellScript = "diff \"${PODS_PODFILE_DIR_PATH}/Podfile.lock\" \"${PODS_ROOT}/Manifest.lock\" > /dev/null\nif [ $? != 0 ] ; then\n    # print error to STDERR\n    echo \"error: The sandbox is not in sync with the Podfile.lock. Run 'pod install' or update your CocoaPods installation.\" >&2\n    exit 1\nfi\n# This output is used by Xcode 'outputs' to avoid re-running this script phase.\necho \"SUCCESS\" > \"${SCRIPT_OUTPUT_FILE_0}\"\n";
			showEnvVarsInLog = 0;
		};
		91731519011C4D5D4669E5C9 /* [CP] Embed Pods Frameworks */ = {
			isa = PBXShellScriptBuildPhase;
			buildActionMask = 2147483647;
			files = (
			);
			inputFileListPaths = (
				"${PODS_ROOT}/Target Support Files/Pods-TumblrLab-TumblrLabUITests/Pods-TumblrLab-TumblrLabUITests-frameworks-${CONFIGURATION}-input-files.xcfilelist",
			);
			name = "[CP] Embed Pods Frameworks";
			outputFileListPaths = (
				"${PODS_ROOT}/Target Support Files/Pods-TumblrLab-TumblrLabUITests/Pods-TumblrLab-TumblrLabUITests-frameworks-${CONFIGURATION}-output-files.xcfilelist",
			);
			runOnlyForDeploymentPostprocessing = 0;
			shellPath = /bin/sh;
			shellScript = "\"${PODS_ROOT}/Target Support Files/Pods-TumblrLab-TumblrLabUITests/Pods-TumblrLab-TumblrLabUITests-frameworks.sh\"\n";
			showEnvVarsInLog = 0;
		};
/* End PBXShellScriptBuildPhase section */

/* Begin PBXSourcesBuildPhase section */
		CAD5096B24A4F66100895E59 /* Sources */ = {
			isa = PBXSourcesBuildPhase;
			buildActionMask = 2147483647;
			files = (
				CAD5097424A4F66100895E59 /* AppDelegate.m in Sources */,
				CAD509A924A4FB0800895E59 /* PhotosViewController.m in Sources */,
				CAD5098524A4F66200895E59 /* main.m in Sources */,
				CAD5097724A4F66100895E59 /* SceneDelegate.m in Sources */,
				CA8F703024A505B600506956 /* PostCell.m in Sources */,
			);
			runOnlyForDeploymentPostprocessing = 0;
		};
		CAD5098624A4F66200895E59 /* Sources */ = {
			isa = PBXSourcesBuildPhase;
			buildActionMask = 2147483647;
			files = (
				CAD5098F24A4F66200895E59 /* TumblrLabTests.m in Sources */,
			);
			runOnlyForDeploymentPostprocessing = 0;
		};
		CAD5099124A4F66200895E59 /* Sources */ = {
			isa = PBXSourcesBuildPhase;
			buildActionMask = 2147483647;
			files = (
				CAD5099A24A4F66200895E59 /* TumblrLabUITests.m in Sources */,
			);
			runOnlyForDeploymentPostprocessing = 0;
		};
/* End PBXSourcesBuildPhase section */

/* Begin PBXTargetDependency section */
		CAD5098C24A4F66200895E59 /* PBXTargetDependency */ = {
			isa = PBXTargetDependency;
			target = CAD5096E24A4F66100895E59 /* TumblrLab */;
			targetProxy = CAD5098B24A4F66200895E59 /* PBXContainerItemProxy */;
		};
		CAD5099724A4F66200895E59 /* PBXTargetDependency */ = {
			isa = PBXTargetDependency;
			target = CAD5096E24A4F66100895E59 /* TumblrLab */;
			targetProxy = CAD5099624A4F66200895E59 /* PBXContainerItemProxy */;
		};
/* End PBXTargetDependency section */

/* Begin PBXVariantGroup section */
		CAD5097B24A4F66100895E59 /* Main.storyboard */ = {
			isa = PBXVariantGroup;
			children = (
				CAD5097C24A4F66100895E59 /* Base */,
			);
			name = Main.storyboard;
			sourceTree = "<group>";
		};
		CAD5098024A4F66200895E59 /* LaunchScreen.storyboard */ = {
			isa = PBXVariantGroup;
			children = (
				CAD5098124A4F66200895E59 /* Base */,
			);
			name = LaunchScreen.storyboard;
			sourceTree = "<group>";
		};
/* End PBXVariantGroup section */

/* Begin XCBuildConfiguration section */
		CAD5099C24A4F66200895E59 /* Debug */ = {
			isa = XCBuildConfiguration;
			buildSettings = {
				ALWAYS_SEARCH_USER_PATHS = NO;
				CLANG_ANALYZER_NONNULL = YES;
				CLANG_ANALYZER_NUMBER_OBJECT_CONVERSION = YES_AGGRESSIVE;
				CLANG_CXX_LANGUAGE_STANDARD = "gnu++14";
				CLANG_CXX_LIBRARY = "libc++";
				CLANG_ENABLE_MODULES = YES;
				CLANG_ENABLE_OBJC_ARC = YES;
				CLANG_ENABLE_OBJC_WEAK = YES;
				CLANG_WARN_BLOCK_CAPTURE_AUTORELEASING = YES;
				CLANG_WARN_BOOL_CONVERSION = YES;
				CLANG_WARN_COMMA = YES;
				CLANG_WARN_CONSTANT_CONVERSION = YES;
				CLANG_WARN_DEPRECATED_OBJC_IMPLEMENTATIONS = YES;
				CLANG_WARN_DIRECT_OBJC_ISA_USAGE = YES_ERROR;
				CLANG_WARN_DOCUMENTATION_COMMENTS = YES;
				CLANG_WARN_EMPTY_BODY = YES;
				CLANG_WARN_ENUM_CONVERSION = YES;
				CLANG_WARN_INFINITE_RECURSION = YES;
				CLANG_WARN_INT_CONVERSION = YES;
				CLANG_WARN_NON_LITERAL_NULL_CONVERSION = YES;
				CLANG_WARN_OBJC_IMPLICIT_RETAIN_SELF = YES;
				CLANG_WARN_OBJC_LITERAL_CONVERSION = YES;
				CLANG_WARN_OBJC_ROOT_CLASS = YES_ERROR;
				CLANG_WARN_RANGE_LOOP_ANALYSIS = YES;
				CLANG_WARN_STRICT_PROTOTYPES = YES;
				CLANG_WARN_SUSPICIOUS_MOVE = YES;
				CLANG_WARN_UNGUARDED_AVAILABILITY = YES_AGGRESSIVE;
				CLANG_WARN_UNREACHABLE_CODE = YES;
				CLANG_WARN__DUPLICATE_METHOD_MATCH = YES;
				COPY_PHASE_STRIP = NO;
				DEBUG_INFORMATION_FORMAT = dwarf;
				ENABLE_STRICT_OBJC_MSGSEND = YES;
				ENABLE_TESTABILITY = YES;
				GCC_C_LANGUAGE_STANDARD = gnu11;
				GCC_DYNAMIC_NO_PIC = NO;
				GCC_NO_COMMON_BLOCKS = YES;
				GCC_OPTIMIZATION_LEVEL = 0;
				GCC_PREPROCESSOR_DEFINITIONS = (
					"DEBUG=1",
					"$(inherited)",
				);
				GCC_WARN_64_TO_32_BIT_CONVERSION = YES;
				GCC_WARN_ABOUT_RETURN_TYPE = YES_ERROR;
				GCC_WARN_UNDECLARED_SELECTOR = YES;
				GCC_WARN_UNINITIALIZED_AUTOS = YES_AGGRESSIVE;
				GCC_WARN_UNUSED_FUNCTION = YES;
				GCC_WARN_UNUSED_VARIABLE = YES;
				IPHONEOS_DEPLOYMENT_TARGET = 13.5;
				MTL_ENABLE_DEBUG_INFO = INCLUDE_SOURCE;
				MTL_FAST_MATH = YES;
				ONLY_ACTIVE_ARCH = YES;
				SDKROOT = iphoneos;
			};
			name = Debug;
		};
		CAD5099D24A4F66200895E59 /* Release */ = {
			isa = XCBuildConfiguration;
			buildSettings = {
				ALWAYS_SEARCH_USER_PATHS = NO;
				CLANG_ANALYZER_NONNULL = YES;
				CLANG_ANALYZER_NUMBER_OBJECT_CONVERSION = YES_AGGRESSIVE;
				CLANG_CXX_LANGUAGE_STANDARD = "gnu++14";
				CLANG_CXX_LIBRARY = "libc++";
				CLANG_ENABLE_MODULES = YES;
				CLANG_ENABLE_OBJC_ARC = YES;
				CLANG_ENABLE_OBJC_WEAK = YES;
				CLANG_WARN_BLOCK_CAPTURE_AUTORELEASING = YES;
				CLANG_WARN_BOOL_CONVERSION = YES;
				CLANG_WARN_COMMA = YES;
				CLANG_WARN_CONSTANT_CONVERSION = YES;
				CLANG_WARN_DEPRECATED_OBJC_IMPLEMENTATIONS = YES;
				CLANG_WARN_DIRECT_OBJC_ISA_USAGE = YES_ERROR;
				CLANG_WARN_DOCUMENTATION_COMMENTS = YES;
				CLANG_WARN_EMPTY_BODY = YES;
				CLANG_WARN_ENUM_CONVERSION = YES;
				CLANG_WARN_INFINITE_RECURSION = YES;
				CLANG_WARN_INT_CONVERSION = YES;
				CLANG_WARN_NON_LITERAL_NULL_CONVERSION = YES;
				CLANG_WARN_OBJC_IMPLICIT_RETAIN_SELF = YES;
				CLANG_WARN_OBJC_LITERAL_CONVERSION = YES;
				CLANG_WARN_OBJC_ROOT_CLASS = YES_ERROR;
				CLANG_WARN_RANGE_LOOP_ANALYSIS = YES;
				CLANG_WARN_STRICT_PROTOTYPES = YES;
				CLANG_WARN_SUSPICIOUS_MOVE = YES;
				CLANG_WARN_UNGUARDED_AVAILABILITY = YES_AGGRESSIVE;
				CLANG_WARN_UNREACHABLE_CODE = YES;
				CLANG_WARN__DUPLICATE_METHOD_MATCH = YES;
				COPY_PHASE_STRIP = NO;
				DEBUG_INFORMATION_FORMAT = "dwarf-with-dsym";
				ENABLE_NS_ASSERTIONS = NO;
				ENABLE_STRICT_OBJC_MSGSEND = YES;
				GCC_C_LANGUAGE_STANDARD = gnu11;
				GCC_NO_COMMON_BLOCKS = YES;
				GCC_WARN_64_TO_32_BIT_CONVERSION = YES;
				GCC_WARN_ABOUT_RETURN_TYPE = YES_ERROR;
				GCC_WARN_UNDECLARED_SELECTOR = YES;
				GCC_WARN_UNINITIALIZED_AUTOS = YES_AGGRESSIVE;
				GCC_WARN_UNUSED_FUNCTION = YES;
				GCC_WARN_UNUSED_VARIABLE = YES;
				IPHONEOS_DEPLOYMENT_TARGET = 13.5;
				MTL_ENABLE_DEBUG_INFO = NO;
				MTL_FAST_MATH = YES;
				SDKROOT = iphoneos;
				VALIDATE_PRODUCT = YES;
			};
			name = Release;
		};
		CAD5099F24A4F66200895E59 /* Debug */ = {
			isa = XCBuildConfiguration;
			baseConfigurationReference = 05E885C8D966B447EBF1AC09 /* Pods-TumblrLab.debug.xcconfig */;
			buildSettings = {
				ASSETCATALOG_COMPILER_APPICON_NAME = AppIcon;
				CODE_SIGN_STYLE = Automatic;
				INFOPLIST_FILE = TumblrLab/Info.plist;
				LD_RUNPATH_SEARCH_PATHS = (
					"$(inherited)",
					"@executable_path/Frameworks",
				);
				PRODUCT_BUNDLE_IDENTIFIER = com.githelsuico.TumblrLab;
				PRODUCT_NAME = "$(TARGET_NAME)";
				TARGETED_DEVICE_FAMILY = "1,2";
			};
			name = Debug;
		};
		CAD509A024A4F66200895E59 /* Release */ = {
			isa = XCBuildConfiguration;
			baseConfigurationReference = 64A0E87E508720F1707C6D25 /* Pods-TumblrLab.release.xcconfig */;
			buildSettings = {
				ASSETCATALOG_COMPILER_APPICON_NAME = AppIcon;
				CODE_SIGN_STYLE = Automatic;
				INFOPLIST_FILE = TumblrLab/Info.plist;
				LD_RUNPATH_SEARCH_PATHS = (
					"$(inherited)",
					"@executable_path/Frameworks",
				);
				PRODUCT_BUNDLE_IDENTIFIER = com.githelsuico.TumblrLab;
				PRODUCT_NAME = "$(TARGET_NAME)";
				TARGETED_DEVICE_FAMILY = "1,2";
			};
			name = Release;
		};
		CAD509A224A4F66200895E59 /* Debug */ = {
			isa = XCBuildConfiguration;
			baseConfigurationReference = 4AB9C5EC28B852B18C764787 /* Pods-TumblrLabTests.debug.xcconfig */;
			buildSettings = {
				BUNDLE_LOADER = "$(TEST_HOST)";
				CODE_SIGN_STYLE = Automatic;
				INFOPLIST_FILE = TumblrLabTests/Info.plist;
				IPHONEOS_DEPLOYMENT_TARGET = 13.5;
				LD_RUNPATH_SEARCH_PATHS = (
					"$(inherited)",
					"@executable_path/Frameworks",
					"@loader_path/Frameworks",
				);
				PRODUCT_BUNDLE_IDENTIFIER = com.githelsuico.TumblrLabTests;
				PRODUCT_NAME = "$(TARGET_NAME)";
				TARGETED_DEVICE_FAMILY = "1,2";
				TEST_HOST = "$(BUILT_PRODUCTS_DIR)/TumblrLab.app/TumblrLab";
			};
			name = Debug;
		};
		CAD509A324A4F66200895E59 /* Release */ = {
			isa = XCBuildConfiguration;
			baseConfigurationReference = 855E3D55C8F7086599AE0FC9 /* Pods-TumblrLabTests.release.xcconfig */;
			buildSettings = {
				BUNDLE_LOADER = "$(TEST_HOST)";
				CODE_SIGN_STYLE = Automatic;
				INFOPLIST_FILE = TumblrLabTests/Info.plist;
				IPHONEOS_DEPLOYMENT_TARGET = 13.5;
				LD_RUNPATH_SEARCH_PATHS = (
					"$(inherited)",
					"@executable_path/Frameworks",
					"@loader_path/Frameworks",
				);
				PRODUCT_BUNDLE_IDENTIFIER = com.githelsuico.TumblrLabTests;
				PRODUCT_NAME = "$(TARGET_NAME)";
				TARGETED_DEVICE_FAMILY = "1,2";
				TEST_HOST = "$(BUILT_PRODUCTS_DIR)/TumblrLab.app/TumblrLab";
			};
			name = Release;
		};
		CAD509A524A4F66200895E59 /* Debug */ = {
			isa = XCBuildConfiguration;
			baseConfigurationReference = 2C4038A283E2BA1D9D963BF0 /* Pods-TumblrLab-TumblrLabUITests.debug.xcconfig */;
			buildSettings = {
				CODE_SIGN_STYLE = Automatic;
				INFOPLIST_FILE = TumblrLabUITests/Info.plist;
				LD_RUNPATH_SEARCH_PATHS = (
					"$(inherited)",
					"@executable_path/Frameworks",
					"@loader_path/Frameworks",
				);
				PRODUCT_BUNDLE_IDENTIFIER = com.githelsuico.TumblrLabUITests;
				PRODUCT_NAME = "$(TARGET_NAME)";
				TARGETED_DEVICE_FAMILY = "1,2";
				TEST_TARGET_NAME = TumblrLab;
			};
			name = Debug;
		};
		CAD509A624A4F66200895E59 /* Release */ = {
			isa = XCBuildConfiguration;
			baseConfigurationReference = 36D9B9E9DB291CCBCC439F6E /* Pods-TumblrLab-TumblrLabUITests.release.xcconfig */;
			buildSettings = {
				CODE_SIGN_STYLE = Automatic;
				INFOPLIST_FILE = TumblrLabUITests/Info.plist;
				LD_RUNPATH_SEARCH_PATHS = (
					"$(inherited)",
					"@executable_path/Frameworks",
					"@loader_path/Frameworks",
				);
				PRODUCT_BUNDLE_IDENTIFIER = com.githelsuico.TumblrLabUITests;
				PRODUCT_NAME = "$(TARGET_NAME)";
				TARGETED_DEVICE_FAMILY = "1,2";
				TEST_TARGET_NAME = TumblrLab;
			};
			name = Release;
		};
/* End XCBuildConfiguration section */

/* Begin XCConfigurationList section */
		CAD5096A24A4F66100895E59 /* Build configuration list for PBXProject "TumblrLab" */ = {
			isa = XCConfigurationList;
			buildConfigurations = (
				CAD5099C24A4F66200895E59 /* Debug */,
				CAD5099D24A4F66200895E59 /* Release */,
			);
			defaultConfigurationIsVisible = 0;
			defaultConfigurationName = Release;
		};
		CAD5099E24A4F66200895E59 /* Build configuration list for PBXNativeTarget "TumblrLab" */ = {
			isa = XCConfigurationList;
			buildConfigurations = (
				CAD5099F24A4F66200895E59 /* Debug */,
				CAD509A024A4F66200895E59 /* Release */,
			);
			defaultConfigurationIsVisible = 0;
			defaultConfigurationName = Release;
		};
		CAD509A124A4F66200895E59 /* Build configuration list for PBXNativeTarget "TumblrLabTests" */ = {
			isa = XCConfigurationList;
			buildConfigurations = (
				CAD509A224A4F66200895E59 /* Debug */,
				CAD509A324A4F66200895E59 /* Release */,
			);
			defaultConfigurationIsVisible = 0;
			defaultConfigurationName = Release;
		};
		CAD509A424A4F66200895E59 /* Build configuration list for PBXNativeTarget "TumblrLabUITests" */ = {
			isa = XCConfigurationList;
			buildConfigurations = (
				CAD509A524A4F66200895E59 /* Debug */,
				CAD509A624A4F66200895E59 /* Release */,
			);
			defaultConfigurationIsVisible = 0;
			defaultConfigurationName = Release;
		};
/* End XCConfigurationList section */
	};
	rootObject = CAD5096724A4F66100895E59 /* Project object */;
}
